// !$*UTF8*$!
{
	archiveVersion = 1;
	classes = {
	};
	objectVersion = 56;
	objects = {

/* Begin PBXBuildFile section */
		740B87242A02520300868977 /* GitHubRepository.swift in Sources */ = {isa = PBXBuildFile; fileRef = 740B87232A02520300868977 /* GitHubRepository.swift */; };
		740B87262A02534B00868977 /* BitBucketRepositories.swift in Sources */ = {isa = PBXBuildFile; fileRef = 740B87252A02534B00868977 /* BitBucketRepositories.swift */; };
		740B872C2A0256F000868977 /* RepositoryListPresenterProtocol.swift in Sources */ = {isa = PBXBuildFile; fileRef = 740B872B2A0256F000868977 /* RepositoryListPresenterProtocol.swift */; };
		740B872E2A02570600868977 /* RepositoryListPresenter.swift in Sources */ = {isa = PBXBuildFile; fileRef = 740B872D2A02570600868977 /* RepositoryListPresenter.swift */; };
		740B87312A02571F00868977 /* RepositoryListViewProtocol.swift in Sources */ = {isa = PBXBuildFile; fileRef = 740B87302A02571F00868977 /* RepositoryListViewProtocol.swift */; };
		740B87332A02573500868977 /* RepositoryListViewController.swift in Sources */ = {isa = PBXBuildFile; fileRef = 740B87322A02573500868977 /* RepositoryListViewController.swift */; };
		740B87352A02575000868977 /* RepositoryTableViewCellData.swift in Sources */ = {isa = PBXBuildFile; fileRef = 740B87342A02575000868977 /* RepositoryTableViewCellData.swift */; };
		740B87392A02A15F00868977 /* SearchTableViewCell.swift in Sources */ = {isa = PBXBuildFile; fileRef = 740B87372A02A15F00868977 /* SearchTableViewCell.swift */; };
		740B873A2A02A15F00868977 /* RepositoryTableViewCell.swift in Sources */ = {isa = PBXBuildFile; fileRef = 740B87382A02A15F00868977 /* RepositoryTableViewCell.swift */; };
		740B87402A02A8FF00868977 /* RepositorySearchDelegateProtocol.swift in Sources */ = {isa = PBXBuildFile; fileRef = 740B873F2A02A8FF00868977 /* RepositorySearchDelegateProtocol.swift */; };
		740B87422A02AB8300868977 /* RepositoryListTableViewSection.swift in Sources */ = {isa = PBXBuildFile; fileRef = 740B87412A02AB8300868977 /* RepositoryListTableViewSection.swift */; };
		740B87452A02B1B300868977 /* Builder.swift in Sources */ = {isa = PBXBuildFile; fileRef = 740B87442A02B1B300868977 /* Builder.swift */; };
		744162E42A019D0E00A6154E /* AppDelegate.swift in Sources */ = {isa = PBXBuildFile; fileRef = 744162E32A019D0E00A6154E /* AppDelegate.swift */; };
		744162E62A019D0E00A6154E /* SceneDelegate.swift in Sources */ = {isa = PBXBuildFile; fileRef = 744162E52A019D0E00A6154E /* SceneDelegate.swift */; };
		744162E82A019D0E00A6154E /* ViewController.swift in Sources */ = {isa = PBXBuildFile; fileRef = 744162E72A019D0E00A6154E /* ViewController.swift */; };
		744162EB2A019D0E00A6154E /* Main.storyboard in Resources */ = {isa = PBXBuildFile; fileRef = 744162E92A019D0E00A6154E /* Main.storyboard */; };
		744162ED2A019D0F00A6154E /* Assets.xcassets in Resources */ = {isa = PBXBuildFile; fileRef = 744162EC2A019D0F00A6154E /* Assets.xcassets */; };
		744162F02A019D0F00A6154E /* LaunchScreen.storyboard in Resources */ = {isa = PBXBuildFile; fileRef = 744162EE2A019D0F00A6154E /* LaunchScreen.storyboard */; };
		744162FB2A019D0F00A6154E /* MultiRepoAppTests.swift in Sources */ = {isa = PBXBuildFile; fileRef = 744162FA2A019D0F00A6154E /* MultiRepoAppTests.swift */; };
		744163172A01B2E500A6154E /* APIEndpoint.swift in Sources */ = {isa = PBXBuildFile; fileRef = 744163162A01B2E500A6154E /* APIEndpoint.swift */; };
		744163192A01B3DE00A6154E /* NetworkError.swift in Sources */ = {isa = PBXBuildFile; fileRef = 744163182A01B3DE00A6154E /* NetworkError.swift */; };
		7441631B2A01B4D700A6154E /* NetworkManager.swift in Sources */ = {isa = PBXBuildFile; fileRef = 7441631A2A01B4D700A6154E /* NetworkManager.swift */; };
/* End PBXBuildFile section */

/* Begin PBXContainerItemProxy section */
		744162F72A019D0F00A6154E /* PBXContainerItemProxy */ = {
			isa = PBXContainerItemProxy;
			containerPortal = 744162D82A019D0E00A6154E /* Project object */;
			proxyType = 1;
			remoteGlobalIDString = 744162DF2A019D0E00A6154E;
			remoteInfo = MultiRepoApp;
		};
/* End PBXContainerItemProxy section */

/* Begin PBXFileReference section */
		740B87232A02520300868977 /* GitHubRepository.swift */ = {isa = PBXFileReference; fileEncoding = 4; lastKnownFileType = sourcecode.swift; path = GitHubRepository.swift; sourceTree = "<group>"; };
		740B87252A02534B00868977 /* BitBucketRepositories.swift */ = {isa = PBXFileReference; fileEncoding = 4; lastKnownFileType = sourcecode.swift; path = BitBucketRepositories.swift; sourceTree = "<group>"; };
		740B872B2A0256F000868977 /* RepositoryListPresenterProtocol.swift */ = {isa = PBXFileReference; lastKnownFileType = sourcecode.swift; path = RepositoryListPresenterProtocol.swift; sourceTree = "<group>"; };
		740B872D2A02570600868977 /* RepositoryListPresenter.swift */ = {isa = PBXFileReference; lastKnownFileType = sourcecode.swift; path = RepositoryListPresenter.swift; sourceTree = "<group>"; };
		740B87302A02571F00868977 /* RepositoryListViewProtocol.swift */ = {isa = PBXFileReference; lastKnownFileType = sourcecode.swift; path = RepositoryListViewProtocol.swift; sourceTree = "<group>"; };
		740B87322A02573500868977 /* RepositoryListViewController.swift */ = {isa = PBXFileReference; lastKnownFileType = sourcecode.swift; path = RepositoryListViewController.swift; sourceTree = "<group>"; };
		740B87342A02575000868977 /* RepositoryTableViewCellData.swift */ = {isa = PBXFileReference; lastKnownFileType = sourcecode.swift; path = RepositoryTableViewCellData.swift; sourceTree = "<group>"; };
		740B87372A02A15F00868977 /* SearchTableViewCell.swift */ = {isa = PBXFileReference; fileEncoding = 4; lastKnownFileType = sourcecode.swift; path = SearchTableViewCell.swift; sourceTree = "<group>"; };
		740B87382A02A15F00868977 /* RepositoryTableViewCell.swift */ = {isa = PBXFileReference; fileEncoding = 4; lastKnownFileType = sourcecode.swift; path = RepositoryTableViewCell.swift; sourceTree = "<group>"; };
		740B873F2A02A8FF00868977 /* RepositorySearchDelegateProtocol.swift */ = {isa = PBXFileReference; lastKnownFileType = sourcecode.swift; path = RepositorySearchDelegateProtocol.swift; sourceTree = "<group>"; };
		740B87412A02AB8300868977 /* RepositoryListTableViewSection.swift */ = {isa = PBXFileReference; fileEncoding = 4; lastKnownFileType = sourcecode.swift; path = RepositoryListTableViewSection.swift; sourceTree = "<group>"; };
		740B87442A02B1B300868977 /* Builder.swift */ = {isa = PBXFileReference; lastKnownFileType = sourcecode.swift; path = Builder.swift; sourceTree = "<group>"; };
		744162E02A019D0E00A6154E /* MultiRepoApp.app */ = {isa = PBXFileReference; explicitFileType = wrapper.application; includeInIndex = 0; path = MultiRepoApp.app; sourceTree = BUILT_PRODUCTS_DIR; };
		744162E32A019D0E00A6154E /* AppDelegate.swift */ = {isa = PBXFileReference; lastKnownFileType = sourcecode.swift; path = AppDelegate.swift; sourceTree = "<group>"; };
		744162E52A019D0E00A6154E /* SceneDelegate.swift */ = {isa = PBXFileReference; lastKnownFileType = sourcecode.swift; path = SceneDelegate.swift; sourceTree = "<group>"; };
		744162E72A019D0E00A6154E /* ViewController.swift */ = {isa = PBXFileReference; lastKnownFileType = sourcecode.swift; path = ViewController.swift; sourceTree = "<group>"; };
		744162EA2A019D0E00A6154E /* Base */ = {isa = PBXFileReference; lastKnownFileType = file.storyboard; name = Base; path = Base.lproj/Main.storyboard; sourceTree = "<group>"; };
		744162EC2A019D0F00A6154E /* Assets.xcassets */ = {isa = PBXFileReference; lastKnownFileType = folder.assetcatalog; path = Assets.xcassets; sourceTree = "<group>"; };
		744162EF2A019D0F00A6154E /* Base */ = {isa = PBXFileReference; lastKnownFileType = file.storyboard; name = Base; path = Base.lproj/LaunchScreen.storyboard; sourceTree = "<group>"; };
		744162F12A019D0F00A6154E /* Info.plist */ = {isa = PBXFileReference; lastKnownFileType = text.plist.xml; path = Info.plist; sourceTree = "<group>"; };
		744162F62A019D0F00A6154E /* MultiRepoAppTests.xctest */ = {isa = PBXFileReference; explicitFileType = wrapper.cfbundle; includeInIndex = 0; path = MultiRepoAppTests.xctest; sourceTree = BUILT_PRODUCTS_DIR; };
		744162FA2A019D0F00A6154E /* MultiRepoAppTests.swift */ = {isa = PBXFileReference; lastKnownFileType = sourcecode.swift; path = MultiRepoAppTests.swift; sourceTree = "<group>"; };
		744163162A01B2E500A6154E /* APIEndpoint.swift */ = {isa = PBXFileReference; lastKnownFileType = sourcecode.swift; path = APIEndpoint.swift; sourceTree = "<group>"; };
		744163182A01B3DE00A6154E /* NetworkError.swift */ = {isa = PBXFileReference; fileEncoding = 4; lastKnownFileType = sourcecode.swift; path = NetworkError.swift; sourceTree = "<group>"; };
		7441631A2A01B4D700A6154E /* NetworkManager.swift */ = {isa = PBXFileReference; fileEncoding = 4; lastKnownFileType = sourcecode.swift; path = NetworkManager.swift; sourceTree = "<group>"; };
/* End PBXFileReference section */

/* Begin PBXFrameworksBuildPhase section */
		744162DD2A019D0E00A6154E /* Frameworks */ = {
			isa = PBXFrameworksBuildPhase;
			buildActionMask = 2147483647;
			files = (
			);
			runOnlyForDeploymentPostprocessing = 0;
		};
		744162F32A019D0F00A6154E /* Frameworks */ = {
			isa = PBXFrameworksBuildPhase;
			buildActionMask = 2147483647;
			files = (
			);
			runOnlyForDeploymentPostprocessing = 0;
		};
/* End PBXFrameworksBuildPhase section */

/* Begin PBXGroup section */
		740B87222A0251E000868977 /* CommonModel */ = {
			isa = PBXGroup;
			children = (
				740B87232A02520300868977 /* GitHubRepository.swift */,
				740B87252A02534B00868977 /* BitBucketRepositories.swift */,
			);
			path = CommonModel;
			sourceTree = "<group>";
		};
		740B87272A02564D00868977 /* RepositoryListModule */ = {
			isa = PBXGroup;
			children = (
				740B872A2A02569D00868977 /* Model */,
				740B87292A02569900868977 /* View */,
				740B87282A02569300868977 /* Presenter */,
			);
			path = RepositoryListModule;
			sourceTree = "<group>";
		};
		740B87282A02569300868977 /* Presenter */ = {
			isa = PBXGroup;
			children = (
				740B872B2A0256F000868977 /* RepositoryListPresenterProtocol.swift */,
				740B872D2A02570600868977 /* RepositoryListPresenter.swift */,
			);
			path = Presenter;
			sourceTree = "<group>";
		};
		740B87292A02569900868977 /* View */ = {
			isa = PBXGroup;
			children = (
				740B87302A02571F00868977 /* RepositoryListViewProtocol.swift */,
				740B87322A02573500868977 /* RepositoryListViewController.swift */,
				740B87412A02AB8300868977 /* RepositoryListTableViewSection.swift */,
				740B87362A02A15F00868977 /* Cells */,
			);
			path = View;
			sourceTree = "<group>";
		};
		740B872A2A02569D00868977 /* Model */ = {
			isa = PBXGroup;
			children = (
				740B87342A02575000868977 /* RepositoryTableViewCellData.swift */,
			);
			path = Model;
			sourceTree = "<group>";
		};
		740B87362A02A15F00868977 /* Cells */ = {
			isa = PBXGroup;
			children = (
				740B87382A02A15F00868977 /* RepositoryTableViewCell.swift */,
				740B87372A02A15F00868977 /* SearchTableViewCell.swift */,
				740B873F2A02A8FF00868977 /* RepositorySearchDelegateProtocol.swift */,
			);
			path = Cells;
			sourceTree = "<group>";
		};
		740B87432A02B19900868977 /* Builder */ = {
			isa = PBXGroup;
			children = (
				740B87442A02B1B300868977 /* Builder.swift */,
			);
			path = Builder;
			sourceTree = "<group>";
		};
		744162D72A019D0E00A6154E = {
			isa = PBXGroup;
			children = (
				744162E22A019D0E00A6154E /* MultiRepoApp */,
				744162F92A019D0F00A6154E /* MultiRepoAppTests */,
				744162E12A019D0E00A6154E /* Products */,
			);
			sourceTree = "<group>";
		};
		744162E12A019D0E00A6154E /* Products */ = {
			isa = PBXGroup;
			children = (
				744162E02A019D0E00A6154E /* MultiRepoApp.app */,
				744162F62A019D0F00A6154E /* MultiRepoAppTests.xctest */,
			);
			name = Products;
			sourceTree = "<group>";
		};
		744162E22A019D0E00A6154E /* MultiRepoApp */ = {
			isa = PBXGroup;
			children = (
				744162E32A019D0E00A6154E /* AppDelegate.swift */,
				744162E52A019D0E00A6154E /* SceneDelegate.swift */,
				744162E72A019D0E00A6154E /* ViewController.swift */,
				744162E92A019D0E00A6154E /* Main.storyboard */,
				744162EC2A019D0F00A6154E /* Assets.xcassets */,
				744162EE2A019D0F00A6154E /* LaunchScreen.storyboard */,
				744162F12A019D0F00A6154E /* Info.plist */,
				740B87432A02B19900868977 /* Builder */,
				740B87272A02564D00868977 /* RepositoryListModule */,
				740B87222A0251E000868977 /* CommonModel */,
				744163152A01B2B000A6154E /* NetworkLayer */,
			);
			path = MultiRepoApp;
			sourceTree = "<group>";
		};
		744162F92A019D0F00A6154E /* MultiRepoAppTests */ = {
			isa = PBXGroup;
			children = (
				744162FA2A019D0F00A6154E /* MultiRepoAppTests.swift */,
			);
			path = MultiRepoAppTests;
			sourceTree = "<group>";
		};
		744163152A01B2B000A6154E /* NetworkLayer */ = {
			isa = PBXGroup;
			children = (
				744163162A01B2E500A6154E /* APIEndpoint.swift */,
				744163182A01B3DE00A6154E /* NetworkError.swift */,
				7441631A2A01B4D700A6154E /* NetworkManager.swift */,
			);
			path = NetworkLayer;
			sourceTree = "<group>";
		};
/* End PBXGroup section */

/* Begin PBXNativeTarget section */
		744162DF2A019D0E00A6154E /* MultiRepoApp */ = {
			isa = PBXNativeTarget;
			buildConfigurationList = 7441630A2A019D0F00A6154E /* Build configuration list for PBXNativeTarget "MultiRepoApp" */;
			buildPhases = (
				744162DC2A019D0E00A6154E /* Sources */,
				744162DD2A019D0E00A6154E /* Frameworks */,
				744162DE2A019D0E00A6154E /* Resources */,
				744163142A01A0E100A6154E /* Run Script SwiftLint */,
			);
			buildRules = (
			);
			dependencies = (
			);
			name = MultiRepoApp;
			productName = MultiRepoApp;
			productReference = 744162E02A019D0E00A6154E /* MultiRepoApp.app */;
			productType = "com.apple.product-type.application";
		};
		744162F52A019D0F00A6154E /* MultiRepoAppTests */ = {
			isa = PBXNativeTarget;
			buildConfigurationList = 7441630D2A019D0F00A6154E /* Build configuration list for PBXNativeTarget "MultiRepoAppTests" */;
			buildPhases = (
				744162F22A019D0F00A6154E /* Sources */,
				744162F32A019D0F00A6154E /* Frameworks */,
				744162F42A019D0F00A6154E /* Resources */,
			);
			buildRules = (
			);
			dependencies = (
				744162F82A019D0F00A6154E /* PBXTargetDependency */,
			);
			name = MultiRepoAppTests;
			productName = MultiRepoAppTests;
			productReference = 744162F62A019D0F00A6154E /* MultiRepoAppTests.xctest */;
			productType = "com.apple.product-type.bundle.unit-test";
		};
/* End PBXNativeTarget section */

/* Begin PBXProject section */
		744162D82A019D0E00A6154E /* Project object */ = {
			isa = PBXProject;
			attributes = {
				BuildIndependentTargetsInParallel = 1;
				LastSwiftUpdateCheck = 1430;
				LastUpgradeCheck = 1430;
				TargetAttributes = {
					744162DF2A019D0E00A6154E = {
						CreatedOnToolsVersion = 14.3;
					};
					744162F52A019D0F00A6154E = {
						CreatedOnToolsVersion = 14.3;
						TestTargetID = 744162DF2A019D0E00A6154E;
					};
				};
			};
			buildConfigurationList = 744162DB2A019D0E00A6154E /* Build configuration list for PBXProject "MultiRepoApp" */;
			compatibilityVersion = "Xcode 14.0";
			developmentRegion = en;
			hasScannedForEncodings = 0;
			knownRegions = (
				en,
				Base,
			);
			mainGroup = 744162D72A019D0E00A6154E;
			productRefGroup = 744162E12A019D0E00A6154E /* Products */;
			projectDirPath = "";
			projectRoot = "";
			targets = (
				744162DF2A019D0E00A6154E /* MultiRepoApp */,
				744162F52A019D0F00A6154E /* MultiRepoAppTests */,
			);
		};
/* End PBXProject section */

/* Begin PBXResourcesBuildPhase section */
		744162DE2A019D0E00A6154E /* Resources */ = {
			isa = PBXResourcesBuildPhase;
			buildActionMask = 2147483647;
			files = (
				744162F02A019D0F00A6154E /* LaunchScreen.storyboard in Resources */,
				744162ED2A019D0F00A6154E /* Assets.xcassets in Resources */,
				744162EB2A019D0E00A6154E /* Main.storyboard in Resources */,
			);
			runOnlyForDeploymentPostprocessing = 0;
		};
		744162F42A019D0F00A6154E /* Resources */ = {
			isa = PBXResourcesBuildPhase;
			buildActionMask = 2147483647;
			files = (
			);
			runOnlyForDeploymentPostprocessing = 0;
		};
/* End PBXResourcesBuildPhase section */

/* Begin PBXShellScriptBuildPhase section */
		744163142A01A0E100A6154E /* Run Script SwiftLint */ = {
			isa = PBXShellScriptBuildPhase;
			alwaysOutOfDate = 1;
			buildActionMask = 2147483647;
			files = (
			);
			inputFileListPaths = (
			);
			inputPaths = (
			);
			name = "Run Script SwiftLint";
			outputFileListPaths = (
			);
			outputPaths = (
			);
			runOnlyForDeploymentPostprocessing = 0;
			shellPath = /bin/sh;
			shellScript = "export PATH=\"$PATH:/opt/homebrew/bin\"\nif which swiftlint > /dev/null; then\n  swiftlint --config .swiftlint.yml\nelse\n  echo \"warning: SwiftLint not installed, download from https://github.com/realm/SwiftLint\"\nfi\n";
		};
/* End PBXShellScriptBuildPhase section */

/* Begin PBXSourcesBuildPhase section */
		744162DC2A019D0E00A6154E /* Sources */ = {
			isa = PBXSourcesBuildPhase;
			buildActionMask = 2147483647;
			files = (
				740B87312A02571F00868977 /* RepositoryListViewProtocol.swift in Sources */,
				740B872E2A02570600868977 /* RepositoryListPresenter.swift in Sources */,
				7441631B2A01B4D700A6154E /* NetworkManager.swift in Sources */,
				740B873A2A02A15F00868977 /* RepositoryTableViewCell.swift in Sources */,
				740B87402A02A8FF00868977 /* RepositorySearchDelegateProtocol.swift in Sources */,
				740B87452A02B1B300868977 /* Builder.swift in Sources */,
				744162E82A019D0E00A6154E /* ViewController.swift in Sources */,
				740B872C2A0256F000868977 /* RepositoryListPresenterProtocol.swift in Sources */,
				744162E42A019D0E00A6154E /* AppDelegate.swift in Sources */,
				740B87422A02AB8300868977 /* RepositoryListTableViewSection.swift in Sources */,
				744162E62A019D0E00A6154E /* SceneDelegate.swift in Sources */,
				740B87262A02534B00868977 /* BitBucketRepositories.swift in Sources */,
				740B87332A02573500868977 /* RepositoryListViewController.swift in Sources */,
				744163172A01B2E500A6154E /* APIEndpoint.swift in Sources */,
				740B87242A02520300868977 /* GitHubRepository.swift in Sources */,
				740B87352A02575000868977 /* RepositoryTableViewCellData.swift in Sources */,
				744163192A01B3DE00A6154E /* NetworkError.swift in Sources */,
				740B87392A02A15F00868977 /* SearchTableViewCell.swift in Sources */,
			);
			runOnlyForDeploymentPostprocessing = 0;
		};
		744162F22A019D0F00A6154E /* Sources */ = {
			isa = PBXSourcesBuildPhase;
			buildActionMask = 2147483647;
			files = (
				744162FB2A019D0F00A6154E /* MultiRepoAppTests.swift in Sources */,
			);
			runOnlyForDeploymentPostprocessing = 0;
		};
/* End PBXSourcesBuildPhase section */

/* Begin PBXTargetDependency section */
		744162F82A019D0F00A6154E /* PBXTargetDependency */ = {
			isa = PBXTargetDependency;
			target = 744162DF2A019D0E00A6154E /* MultiRepoApp */;
			targetProxy = 744162F72A019D0F00A6154E /* PBXContainerItemProxy */;
		};
/* End PBXTargetDependency section */

/* Begin PBXVariantGroup section */
		744162E92A019D0E00A6154E /* Main.storyboard */ = {
			isa = PBXVariantGroup;
			children = (
				744162EA2A019D0E00A6154E /* Base */,
			);
			name = Main.storyboard;
			sourceTree = "<group>";
		};
		744162EE2A019D0F00A6154E /* LaunchScreen.storyboard */ = {
			isa = PBXVariantGroup;
			children = (
				744162EF2A019D0F00A6154E /* Base */,
			);
			name = LaunchScreen.storyboard;
			sourceTree = "<group>";
		};
/* End PBXVariantGroup section */

/* Begin XCBuildConfiguration section */
		744163082A019D0F00A6154E /* Debug */ = {
			isa = XCBuildConfiguration;
			buildSettings = {
				ALWAYS_SEARCH_USER_PATHS = NO;
				CLANG_ANALYZER_NONNULL = YES;
				CLANG_ANALYZER_NUMBER_OBJECT_CONVERSION = YES_AGGRESSIVE;
				CLANG_CXX_LANGUAGE_STANDARD = "gnu++20";
				CLANG_ENABLE_MODULES = YES;
				CLANG_ENABLE_OBJC_ARC = YES;
				CLANG_ENABLE_OBJC_WEAK = YES;
				CLANG_WARN_BLOCK_CAPTURE_AUTORELEASING = YES;
				CLANG_WARN_BOOL_CONVERSION = YES;
				CLANG_WARN_COMMA = YES;
				CLANG_WARN_CONSTANT_CONVERSION = YES;
				CLANG_WARN_DEPRECATED_OBJC_IMPLEMENTATIONS = YES;
				CLANG_WARN_DIRECT_OBJC_ISA_USAGE = YES_ERROR;
				CLANG_WARN_DOCUMENTATION_COMMENTS = YES;
				CLANG_WARN_EMPTY_BODY = YES;
				CLANG_WARN_ENUM_CONVERSION = YES;
				CLANG_WARN_INFINITE_RECURSION = YES;
				CLANG_WARN_INT_CONVERSION = YES;
				CLANG_WARN_NON_LITERAL_NULL_CONVERSION = YES;
				CLANG_WARN_OBJC_IMPLICIT_RETAIN_SELF = YES;
				CLANG_WARN_OBJC_LITERAL_CONVERSION = YES;
				CLANG_WARN_OBJC_ROOT_CLASS = YES_ERROR;
				CLANG_WARN_QUOTED_INCLUDE_IN_FRAMEWORK_HEADER = YES;
				CLANG_WARN_RANGE_LOOP_ANALYSIS = YES;
				CLANG_WARN_STRICT_PROTOTYPES = YES;
				CLANG_WARN_SUSPICIOUS_MOVE = YES;
				CLANG_WARN_UNGUARDED_AVAILABILITY = YES_AGGRESSIVE;
				CLANG_WARN_UNREACHABLE_CODE = YES;
				CLANG_WARN__DUPLICATE_METHOD_MATCH = YES;
				COPY_PHASE_STRIP = NO;
				DEBUG_INFORMATION_FORMAT = dwarf;
				ENABLE_STRICT_OBJC_MSGSEND = YES;
				ENABLE_TESTABILITY = YES;
				GCC_C_LANGUAGE_STANDARD = gnu11;
				GCC_DYNAMIC_NO_PIC = NO;
				GCC_NO_COMMON_BLOCKS = YES;
				GCC_OPTIMIZATION_LEVEL = 0;
				GCC_PREPROCESSOR_DEFINITIONS = (
					"DEBUG=1",
					"$(inherited)",
				);
				GCC_WARN_64_TO_32_BIT_CONVERSION = YES;
				GCC_WARN_ABOUT_RETURN_TYPE = YES_ERROR;
				GCC_WARN_UNDECLARED_SELECTOR = YES;
				GCC_WARN_UNINITIALIZED_AUTOS = YES_AGGRESSIVE;
				GCC_WARN_UNUSED_FUNCTION = YES;
				GCC_WARN_UNUSED_VARIABLE = YES;
				IPHONEOS_DEPLOYMENT_TARGET = 16.0;
				MTL_ENABLE_DEBUG_INFO = INCLUDE_SOURCE;
				MTL_FAST_MATH = YES;
				ONLY_ACTIVE_ARCH = YES;
				SDKROOT = iphoneos;
				SWIFT_ACTIVE_COMPILATION_CONDITIONS = DEBUG;
				SWIFT_OPTIMIZATION_LEVEL = "-Onone";
			};
			name = Debug;
		};
		744163092A019D0F00A6154E /* Release */ = {
			isa = XCBuildConfiguration;
			buildSettings = {
				ALWAYS_SEARCH_USER_PATHS = NO;
				CLANG_ANALYZER_NONNULL = YES;
				CLANG_ANALYZER_NUMBER_OBJECT_CONVERSION = YES_AGGRESSIVE;
				CLANG_CXX_LANGUAGE_STANDARD = "gnu++20";
				CLANG_ENABLE_MODULES = YES;
				CLANG_ENABLE_OBJC_ARC = YES;
				CLANG_ENABLE_OBJC_WEAK = YES;
				CLANG_WARN_BLOCK_CAPTURE_AUTORELEASING = YES;
				CLANG_WARN_BOOL_CONVERSION = YES;
				CLANG_WARN_COMMA = YES;
				CLANG_WARN_CONSTANT_CONVERSION = YES;
				CLANG_WARN_DEPRECATED_OBJC_IMPLEMENTATIONS = YES;
				CLANG_WARN_DIRECT_OBJC_ISA_USAGE = YES_ERROR;
				CLANG_WARN_DOCUMENTATION_COMMENTS = YES;
				CLANG_WARN_EMPTY_BODY = YES;
				CLANG_WARN_ENUM_CONVERSION = YES;
				CLANG_WARN_INFINITE_RECURSION = YES;
				CLANG_WARN_INT_CONVERSION = YES;
				CLANG_WARN_NON_LITERAL_NULL_CONVERSION = YES;
				CLANG_WARN_OBJC_IMPLICIT_RETAIN_SELF = YES;
				CLANG_WARN_OBJC_LITERAL_CONVERSION = YES;
				CLANG_WARN_OBJC_ROOT_CLASS = YES_ERROR;
				CLANG_WARN_QUOTED_INCLUDE_IN_FRAMEWORK_HEADER = YES;
				CLANG_WARN_RANGE_LOOP_ANALYSIS = YES;
				CLANG_WARN_STRICT_PROTOTYPES = YES;
				CLANG_WARN_SUSPICIOUS_MOVE = YES;
				CLANG_WARN_UNGUARDED_AVAILABILITY = YES_AGGRESSIVE;
				CLANG_WARN_UNREACHABLE_CODE = YES;
				CLANG_WARN__DUPLICATE_METHOD_MATCH = YES;
				COPY_PHASE_STRIP = NO;
				DEBUG_INFORMATION_FORMAT = "dwarf-with-dsym";
				ENABLE_NS_ASSERTIONS = NO;
				ENABLE_STRICT_OBJC_MSGSEND = YES;
				GCC_C_LANGUAGE_STANDARD = gnu11;
				GCC_NO_COMMON_BLOCKS = YES;
				GCC_WARN_64_TO_32_BIT_CONVERSION = YES;
				GCC_WARN_ABOUT_RETURN_TYPE = YES_ERROR;
				GCC_WARN_UNDECLARED_SELECTOR = YES;
				GCC_WARN_UNINITIALIZED_AUTOS = YES_AGGRESSIVE;
				GCC_WARN_UNUSED_FUNCTION = YES;
				GCC_WARN_UNUSED_VARIABLE = YES;
				IPHONEOS_DEPLOYMENT_TARGET = 16.0;
				MTL_ENABLE_DEBUG_INFO = NO;
				MTL_FAST_MATH = YES;
				SDKROOT = iphoneos;
				SWIFT_COMPILATION_MODE = wholemodule;
				SWIFT_OPTIMIZATION_LEVEL = "-O";
				VALIDATE_PRODUCT = YES;
			};
			name = Release;
		};
		7441630B2A019D0F00A6154E /* Debug */ = {
			isa = XCBuildConfiguration;
			buildSettings = {
				ASSETCATALOG_COMPILER_APPICON_NAME = AppIcon;
				ASSETCATALOG_COMPILER_GLOBAL_ACCENT_COLOR_NAME = AccentColor;
				CODE_SIGN_STYLE = Automatic;
				CURRENT_PROJECT_VERSION = 0.0.0;
				GENERATE_INFOPLIST_FILE = YES;
				INFOPLIST_FILE = MultiRepoApp/Info.plist;
				INFOPLIST_KEY_UIApplicationSupportsIndirectInputEvents = YES;
				INFOPLIST_KEY_UILaunchStoryboardName = LaunchScreen;
				INFOPLIST_KEY_UIMainStoryboardFile = Main;
				INFOPLIST_KEY_UISupportedInterfaceOrientations = UIInterfaceOrientationPortrait;
				INFOPLIST_KEY_UISupportedInterfaceOrientations_iPad = "UIInterfaceOrientationLandscapeLeft UIInterfaceOrientationLandscapeRight UIInterfaceOrientationPortrait UIInterfaceOrientationPortraitUpsideDown";
				IPHONEOS_DEPLOYMENT_TARGET = 16.0;
				LD_RUNPATH_SEARCH_PATHS = (
					"$(inherited)",
					"@executable_path/Frameworks",
				);
				MARKETING_VERSION = 0.0.0;
				PRODUCT_BUNDLE_IDENTIFIER = com.MikhailKosarev.iOS.MultiRepoApp;
				PRODUCT_NAME = "$(TARGET_NAME)";
				SUPPORTED_PLATFORMS = "iphoneos iphonesimulator";
				SUPPORTS_MACCATALYST = NO;
				SUPPORTS_MAC_DESIGNED_FOR_IPHONE_IPAD = NO;
				SWIFT_EMIT_LOC_STRINGS = YES;
				SWIFT_VERSION = 5.0;
				TARGETED_DEVICE_FAMILY = 1;
			};
			name = Debug;
		};
		7441630C2A019D0F00A6154E /* Release */ = {
			isa = XCBuildConfiguration;
			buildSettings = {
				ASSETCATALOG_COMPILER_APPICON_NAME = AppIcon;
				ASSETCATALOG_COMPILER_GLOBAL_ACCENT_COLOR_NAME = AccentColor;
				CODE_SIGN_STYLE = Automatic;
				CURRENT_PROJECT_VERSION = 0.0.0;
				GENERATE_INFOPLIST_FILE = YES;
				INFOPLIST_FILE = MultiRepoApp/Info.plist;
				INFOPLIST_KEY_UIApplicationSupportsIndirectInputEvents = YES;
				INFOPLIST_KEY_UILaunchStoryboardName = LaunchScreen;
				INFOPLIST_KEY_UIMainStoryboardFile = Main;
				INFOPLIST_KEY_UISupportedInterfaceOrientations = UIInterfaceOrientationPortrait;
				INFOPLIST_KEY_UISupportedInterfaceOrientations_iPad = "UIInterfaceOrientationLandscapeLeft UIInterfaceOrientationLandscapeRight UIInterfaceOrientationPortrait UIInterfaceOrientationPortraitUpsideDown";
				IPHONEOS_DEPLOYMENT_TARGET = 16.0;
				LD_RUNPATH_SEARCH_PATHS = (
					"$(inherited)",
					"@executable_path/Frameworks",
				);
				MARKETING_VERSION = 0.0.0;
				PRODUCT_BUNDLE_IDENTIFIER = com.MikhailKosarev.iOS.MultiRepoApp;
				PRODUCT_NAME = "$(TARGET_NAME)";
				SUPPORTED_PLATFORMS = "iphoneos iphonesimulator";
				SUPPORTS_MACCATALYST = NO;
				SUPPORTS_MAC_DESIGNED_FOR_IPHONE_IPAD = NO;
				SWIFT_EMIT_LOC_STRINGS = YES;
				SWIFT_VERSION = 5.0;
				TARGETED_DEVICE_FAMILY = 1;
			};
			name = Release;
		};
		7441630E2A019D0F00A6154E /* Debug */ = {
			isa = XCBuildConfiguration;
			buildSettings = {
				ALWAYS_EMBED_SWIFT_STANDARD_LIBRARIES = YES;
				BUNDLE_LOADER = "$(TEST_HOST)";
				CODE_SIGN_STYLE = Automatic;
				CURRENT_PROJECT_VERSION = 1;
				GENERATE_INFOPLIST_FILE = YES;
				IPHONEOS_DEPLOYMENT_TARGET = 16.0;
				MARKETING_VERSION = 1.0;
				PRODUCT_BUNDLE_IDENTIFIER = com.MikhailKosarev.iOS.MultiRepoAppTests;
				PRODUCT_NAME = "$(TARGET_NAME)";
				SUPPORTED_PLATFORMS = "iphoneos iphonesimulator";
				SUPPORTS_MACCATALYST = NO;
				SUPPORTS_MAC_DESIGNED_FOR_IPHONE_IPAD = NO;
				SWIFT_EMIT_LOC_STRINGS = NO;
				SWIFT_VERSION = 5.0;
				TARGETED_DEVICE_FAMILY = 1;
				TEST_HOST = "$(BUILT_PRODUCTS_DIR)/MultiRepoApp.app/$(BUNDLE_EXECUTABLE_FOLDER_PATH)/MultiRepoApp";
			};
			name = Debug;
		};
		7441630F2A019D0F00A6154E /* Release */ = {
			isa = XCBuildConfiguration;
			buildSettings = {
				ALWAYS_EMBED_SWIFT_STANDARD_LIBRARIES = YES;
				BUNDLE_LOADER = "$(TEST_HOST)";
				CODE_SIGN_STYLE = Automatic;
				CURRENT_PROJECT_VERSION = 1;
				GENERATE_INFOPLIST_FILE = YES;
				IPHONEOS_DEPLOYMENT_TARGET = 16.0;
				MARKETING_VERSION = 1.0;
				PRODUCT_BUNDLE_IDENTIFIER = com.MikhailKosarev.iOS.MultiRepoAppTests;
				PRODUCT_NAME = "$(TARGET_NAME)";
				SUPPORTED_PLATFORMS = "iphoneos iphonesimulator";
				SUPPORTS_MACCATALYST = NO;
				SUPPORTS_MAC_DESIGNED_FOR_IPHONE_IPAD = NO;
				SWIFT_EMIT_LOC_STRINGS = NO;
				SWIFT_VERSION = 5.0;
				TARGETED_DEVICE_FAMILY = 1;
				TEST_HOST = "$(BUILT_PRODUCTS_DIR)/MultiRepoApp.app/$(BUNDLE_EXECUTABLE_FOLDER_PATH)/MultiRepoApp";
			};
			name = Release;
		};
/* End XCBuildConfiguration section */

/* Begin XCConfigurationList section */
		744162DB2A019D0E00A6154E /* Build configuration list for PBXProject "MultiRepoApp" */ = {
			isa = XCConfigurationList;
			buildConfigurations = (
				744163082A019D0F00A6154E /* Debug */,
				744163092A019D0F00A6154E /* Release */,
			);
			defaultConfigurationIsVisible = 0;
			defaultConfigurationName = Release;
		};
		7441630A2A019D0F00A6154E /* Build configuration list for PBXNativeTarget "MultiRepoApp" */ = {
			isa = XCConfigurationList;
			buildConfigurations = (
				7441630B2A019D0F00A6154E /* Debug */,
				7441630C2A019D0F00A6154E /* Release */,
			);
			defaultConfigurationIsVisible = 0;
			defaultConfigurationName = Release;
		};
		7441630D2A019D0F00A6154E /* Build configuration list for PBXNativeTarget "MultiRepoAppTests" */ = {
			isa = XCConfigurationList;
			buildConfigurations = (
				7441630E2A019D0F00A6154E /* Debug */,
				7441630F2A019D0F00A6154E /* Release */,
			);
			defaultConfigurationIsVisible = 0;
			defaultConfigurationName = Release;
		};
/* End XCConfigurationList section */
	};
	rootObject = 744162D82A019D0E00A6154E /* Project object */;
}
